
Microsoft Visual Studio Solution File, Format Version 12.00
Project("{FAE04EC0-301F-11D3-BF4B-00C04F79EFBC}") = "Program.cs", "Program.cs.csproj", "{52A3E1B6-6B30-4127-9CD3-2EE080CA9BB2}"
EndProject
Project("{FAE04EC0-301F-11D3-BF4B-00C04F79EFBC}") = "ConsoleApp2", "..\ConsoleApp2\ConsoleApp2.csproj", "{C5A49A39-DFEC-473D-BA8E-D7782D53B57F}"
EndProject
Global
	GlobalSection(SolutionConfigurationPlatforms) = preSolution
		Debug|Any CPU = Debug|Any CPU
		Release|Any CPU = Release|Any CPU
	EndGlobalSection
	GlobalSection(ProjectConfigurationPlatforms) = postSolution
		{52A3E1B6-6B30-4127-9CD3-2EE080CA9BB2}.Debug|Any CPU.ActiveCfg = Debug|Any CPU
		{52A3E1B6-6B30-4127-9CD3-2EE080CA9BB2}.Debug|Any CPU.Build.0 = Debug|Any CPU
		{52A3E1B6-6B30-4127-9CD3-2EE080CA9BB2}.Release|Any CPU.ActiveCfg = Release|Any CPU
		{52A3E1B6-6B30-4127-9CD3-2EE080CA9BB2}.Release|Any CPU.Build.0 = Release|Any CPU
		{C5A49A39-DFEC-473D-BA8E-D7782D53B57F}.Debug|Any CPU.ActiveCfg = Debug|Any CPU
		{C5A49A39-DFEC-473D-BA8E-D7782D53B57F}.Debug|Any CPU.Build.0 = Debug|Any CPU
		{C5A49A39-DFEC-473D-BA8E-D7782D53B57F}.Release|Any CPU.ActiveCfg = Release|Any CPU
		{C5A49A39-DFEC-473D-BA8E-D7782D53B57F}.Release|Any CPU.Build.0 = Release|Any CPU
	EndGlobalSection
EndGlobal
